
Microsoft Visual Studio Solution File, Format Version 12.00
# Visual Studio Version 17
VisualStudioVersion = 17.13.35806.99 d17.13
MinimumVisualStudioVersion = 10.0.40219.1
Project("{FAE04EC0-301F-11D3-BF4B-00C04F79EFBC}") = "caculator", "caculator.csproj", "{43572E7C-1956-4A7A-B705-A50097C0904B}"
EndProject
Global
	GlobalSection(SolutionConfigurationPlatforms) = preSolution
		Debug|Any CPU = Debug|Any CPU
		Release|Any CPU = Release|Any CPU
	EndGlobalSection
	GlobalSection(ProjectConfigurationPlatforms) = postSolution
		{43572E7C-1956-4A7A-B705-A50097C0904B}.Debug|Any CPU.ActiveCfg = Debug|Any CPU
		{43572E7C-1956-4A7A-B705-A50097C0904B}.Debug|Any CPU.Build.0 = Debug|Any CPU
		{43572E7C-1956-4A7A-B705-A50097C0904B}.Release|Any CPU.ActiveCfg = Release|Any CPU
		{43572E7C-1956-4A7A-B705-A50097C0904B}.Release|Any CPU.Build.0 = Release|Any CPU
	EndGlobalSection
	GlobalSection(SolutionProperties) = preSolution
		HideSolutionNode = FALSE
	EndGlobalSection
	GlobalSection(ExtensibilityGlobals) = postSolution
		SolutionGuid = {6C702A83-7525-4799-BFEA-95B0447A20AA}
	EndGlobalSection
EndGlobal
